{
    "name": "nipun-ai",
    "version": "2.0.0",
    "lockfileVersion": 3,
    "requires": true,
    "packages": {
        "": {
            "name": "nipun-ai",
            "version": "2.0.0",
            "license": "MIT",
            "bin": {
                "nipun-ai": "bin/nipun-ai.js"
            },
            "engines": {
                "node": ">=22.0.0"
            },
            "funding": {
                "url": "https://github.com/sponsors/myProjectsRavi"
            }
        }
    }
}
